// !$*UTF8*$!
{
	archiveVersion = 1;
	classes = {
	};
	objectVersion = 56;
	objects = {

/* Begin PBXBuildFile section */
		2E0C6B7C2AA3B29E0010BDCD /* ImageExt.swift in Sources */ = {isa = PBXBuildFile; fileRef = 2E0C6B7B2AA3B29E0010BDCD /* ImageExt.swift */; };
		2E0C6B7E2AA3B85D0010BDCD /* TopBarStack.swift in Sources */ = {isa = PBXBuildFile; fileRef = 2E0C6B7D2AA3B85D0010BDCD /* TopBarStack.swift */; };
		2E1F35392AAA1FB90009FC8E /* KeyboardExt.swift in Sources */ = {isa = PBXBuildFile; fileRef = 2E1F35382AAA1FB90009FC8E /* KeyboardExt.swift */; };
		2E6060172AA1CEB700F404EC /* NetworkService.swift in Sources */ = {isa = PBXBuildFile; fileRef = 2E6060162AA1CEB700F404EC /* NetworkService.swift */; };
		2E6060192AA1CED400F404EC /* URLManager.swift in Sources */ = {isa = PBXBuildFile; fileRef = 2E6060182AA1CED400F404EC /* URLManager.swift */; };
		2E60601B2AA1D05200F404EC /* ErrorEnum.swift in Sources */ = {isa = PBXBuildFile; fileRef = 2E60601A2AA1D05200F404EC /* ErrorEnum.swift */; };
		2E60601D2AA1D08300F404EC /* HotelModel.swift in Sources */ = {isa = PBXBuildFile; fileRef = 2E60601C2AA1D08300F404EC /* HotelModel.swift */; };
		2E60601F2AA1E12800F404EC /* ImageGallery.swift in Sources */ = {isa = PBXBuildFile; fileRef = 2E60601E2AA1E12800F404EC /* ImageGallery.swift */; };
		2E6060212AA1EDCF00F404EC /* RoomsModel.swift in Sources */ = {isa = PBXBuildFile; fileRef = 2E6060202AA1EDCF00F404EC /* RoomsModel.swift */; };
		2E6060232AA1F15300F404EC /* RoomsViewModel.swift in Sources */ = {isa = PBXBuildFile; fileRef = 2E6060222AA1F15300F404EC /* RoomsViewModel.swift */; };
		2E6060252AA1F8D400F404EC /* PeculiaritiesStackExt.swift in Sources */ = {isa = PBXBuildFile; fileRef = 2E6060242AA1F8D400F404EC /* PeculiaritiesStackExt.swift */; };
		2E6060272AA1FA4100F404EC /* BookingModel.swift in Sources */ = {isa = PBXBuildFile; fileRef = 2E6060262AA1FA4100F404EC /* BookingModel.swift */; };
		2E6060292AA1FBC500F404EC /* BookingViewModel.swift in Sources */ = {isa = PBXBuildFile; fileRef = 2E6060282AA1FBC500F404EC /* BookingViewModel.swift */; };
		2E60602D2AA2141200F404EC /* PaidView.swift in Sources */ = {isa = PBXBuildFile; fileRef = 2E60602C2AA2141200F404EC /* PaidView.swift */; };
		2E60602F2AA21D1800F404EC /* StringMaskExt.swift in Sources */ = {isa = PBXBuildFile; fileRef = 2E60602E2AA21D1800F404EC /* StringMaskExt.swift */; };
		2E6060322AA2200E00F404EC /* RegexEnum.swift in Sources */ = {isa = PBXBuildFile; fileRef = 2E6060312AA2200E00F404EC /* RegexEnum.swift */; };
		2E6060382AA2488E00F404EC /* ColorExt.swift in Sources */ = {isa = PBXBuildFile; fileRef = 2E6060372AA2488E00F404EC /* ColorExt.swift */; };
		2E7152272AA49CA500ED1DB5 /* DataStackExt.swift in Sources */ = {isa = PBXBuildFile; fileRef = 2E7152262AA49CA500ED1DB5 /* DataStackExt.swift */; };
		2E7152292AA49E2E00ED1DB5 /* HoratingStackExt.swift in Sources */ = {isa = PBXBuildFile; fileRef = 2E7152282AA49E2E00ED1DB5 /* HoratingStackExt.swift */; };
		2E71522B2AA4A1A000ED1DB5 /* TextExt.swift in Sources */ = {isa = PBXBuildFile; fileRef = 2E71522A2AA4A1A000ED1DB5 /* TextExt.swift */; };
		2E71522D2AA4A25A00ED1DB5 /* BlueButtonExt.swift in Sources */ = {isa = PBXBuildFile; fileRef = 2E71522C2AA4A25A00ED1DB5 /* BlueButtonExt.swift */; };
		2EAD69CE2AA07E130076D4F4 /* BookMeNowApp.swift in Sources */ = {isa = PBXBuildFile; fileRef = 2EAD69CD2AA07E130076D4F4 /* BookMeNowApp.swift */; };
		2EAD69D02AA07E130076D4F4 /* ContentView.swift in Sources */ = {isa = PBXBuildFile; fileRef = 2EAD69CF2AA07E130076D4F4 /* ContentView.swift */; };
		2EAD69D22AA07E140076D4F4 /* Assets.xcassets in Resources */ = {isa = PBXBuildFile; fileRef = 2EAD69D12AA07E140076D4F4 /* Assets.xcassets */; };
		2EAD69D52AA07E140076D4F4 /* Preview Assets.xcassets in Resources */ = {isa = PBXBuildFile; fileRef = 2EAD69D42AA07E140076D4F4 /* Preview Assets.xcassets */; };
		2EAD69DD2AA07E330076D4F4 /* MainViewModel.swift in Sources */ = {isa = PBXBuildFile; fileRef = 2EAD69DC2AA07E330076D4F4 /* MainViewModel.swift */; };
		2EAD69E02AA07E410076D4F4 /* MainView.swift in Sources */ = {isa = PBXBuildFile; fileRef = 2EAD69DF2AA07E410076D4F4 /* MainView.swift */; };
		2EAD69E22AA092DB0076D4F4 /* PeculiaritiesHStaclExt.swift in Sources */ = {isa = PBXBuildFile; fileRef = 2EAD69E12AA092DB0076D4F4 /* PeculiaritiesHStaclExt.swift */; };
		2EAD69E72AA0BDE50076D4F4 /* ButtonExt.swift in Sources */ = {isa = PBXBuildFile; fileRef = 2EAD69E62AA0BDE50076D4F4 /* ButtonExt.swift */; };
		2EAD69EB2AA0C8090076D4F4 /* RoomView.swift in Sources */ = {isa = PBXBuildFile; fileRef = 2EAD69EA2AA0C8090076D4F4 /* RoomView.swift */; };
		2EAD69ED2AA0CB2B0076D4F4 /* RoomCell.swift in Sources */ = {isa = PBXBuildFile; fileRef = 2EAD69EC2AA0CB2B0076D4F4 /* RoomCell.swift */; };
		2EAD69EF2AA0DF9E0076D4F4 /* BookingView.swift in Sources */ = {isa = PBXBuildFile; fileRef = 2EAD69EE2AA0DF9E0076D4F4 /* BookingView.swift */; };
		2EAD69F12AA0E7870076D4F4 /* TouristStackExt.swift in Sources */ = {isa = PBXBuildFile; fileRef = 2EAD69F02AA0E7870076D4F4 /* TouristStackExt.swift */; };
		2EAD69F32AA0E9120076D4F4 /* TextFieldExt.swift in Sources */ = {isa = PBXBuildFile; fileRef = 2EAD69F22AA0E9120076D4F4 /* TextFieldExt.swift */; };
		2EAD69F52AA0EC670076D4F4 /* TouristModel.swift in Sources */ = {isa = PBXBuildFile; fileRef = 2EAD69F42AA0EC670076D4F4 /* TouristModel.swift */; };
/* End PBXBuildFile section */

/* Begin PBXFileReference section */
		2E0C6B7B2AA3B29E0010BDCD /* ImageExt.swift */ = {isa = PBXFileReference; lastKnownFileType = sourcecode.swift; path = ImageExt.swift; sourceTree = "<group>"; };
		2E0C6B7D2AA3B85D0010BDCD /* TopBarStack.swift */ = {isa = PBXFileReference; lastKnownFileType = sourcecode.swift; path = TopBarStack.swift; sourceTree = "<group>"; };
		2E1F35382AAA1FB90009FC8E /* KeyboardExt.swift */ = {isa = PBXFileReference; lastKnownFileType = sourcecode.swift; path = KeyboardExt.swift; sourceTree = "<group>"; };
		2E6060162AA1CEB700F404EC /* NetworkService.swift */ = {isa = PBXFileReference; lastKnownFileType = sourcecode.swift; path = NetworkService.swift; sourceTree = "<group>"; };
		2E6060182AA1CED400F404EC /* URLManager.swift */ = {isa = PBXFileReference; lastKnownFileType = sourcecode.swift; path = URLManager.swift; sourceTree = "<group>"; };
		2E60601A2AA1D05200F404EC /* ErrorEnum.swift */ = {isa = PBXFileReference; lastKnownFileType = sourcecode.swift; path = ErrorEnum.swift; sourceTree = "<group>"; };
		2E60601C2AA1D08300F404EC /* HotelModel.swift */ = {isa = PBXFileReference; lastKnownFileType = sourcecode.swift; path = HotelModel.swift; sourceTree = "<group>"; };
		2E60601E2AA1E12800F404EC /* ImageGallery.swift */ = {isa = PBXFileReference; lastKnownFileType = sourcecode.swift; path = ImageGallery.swift; sourceTree = "<group>"; };
		2E6060202AA1EDCF00F404EC /* RoomsModel.swift */ = {isa = PBXFileReference; lastKnownFileType = sourcecode.swift; path = RoomsModel.swift; sourceTree = "<group>"; };
		2E6060222AA1F15300F404EC /* RoomsViewModel.swift */ = {isa = PBXFileReference; lastKnownFileType = sourcecode.swift; path = RoomsViewModel.swift; sourceTree = "<group>"; };
		2E6060242AA1F8D400F404EC /* PeculiaritiesStackExt.swift */ = {isa = PBXFileReference; lastKnownFileType = sourcecode.swift; path = PeculiaritiesStackExt.swift; sourceTree = "<group>"; };
		2E6060262AA1FA4100F404EC /* BookingModel.swift */ = {isa = PBXFileReference; lastKnownFileType = sourcecode.swift; path = BookingModel.swift; sourceTree = "<group>"; };
		2E6060282AA1FBC500F404EC /* BookingViewModel.swift */ = {isa = PBXFileReference; lastKnownFileType = sourcecode.swift; path = BookingViewModel.swift; sourceTree = "<group>"; };
		2E60602C2AA2141200F404EC /* PaidView.swift */ = {isa = PBXFileReference; lastKnownFileType = sourcecode.swift; path = PaidView.swift; sourceTree = "<group>"; };
		2E60602E2AA21D1800F404EC /* StringMaskExt.swift */ = {isa = PBXFileReference; lastKnownFileType = sourcecode.swift; path = StringMaskExt.swift; sourceTree = "<group>"; };
		2E6060312AA2200E00F404EC /* RegexEnum.swift */ = {isa = PBXFileReference; lastKnownFileType = sourcecode.swift; path = RegexEnum.swift; sourceTree = "<group>"; };
		2E6060372AA2488E00F404EC /* ColorExt.swift */ = {isa = PBXFileReference; lastKnownFileType = sourcecode.swift; path = ColorExt.swift; sourceTree = "<group>"; };
		2E7152262AA49CA500ED1DB5 /* DataStackExt.swift */ = {isa = PBXFileReference; lastKnownFileType = sourcecode.swift; path = DataStackExt.swift; sourceTree = "<group>"; };
		2E7152282AA49E2E00ED1DB5 /* HoratingStackExt.swift */ = {isa = PBXFileReference; lastKnownFileType = sourcecode.swift; path = HoratingStackExt.swift; sourceTree = "<group>"; };
		2E71522A2AA4A1A000ED1DB5 /* TextExt.swift */ = {isa = PBXFileReference; lastKnownFileType = sourcecode.swift; path = TextExt.swift; sourceTree = "<group>"; };
		2E71522C2AA4A25A00ED1DB5 /* BlueButtonExt.swift */ = {isa = PBXFileReference; lastKnownFileType = sourcecode.swift; path = BlueButtonExt.swift; sourceTree = "<group>"; };
		2EAD69CA2AA07E130076D4F4 /* BookMeNow.app */ = {isa = PBXFileReference; explicitFileType = wrapper.application; includeInIndex = 0; path = BookMeNow.app; sourceTree = BUILT_PRODUCTS_DIR; };
		2EAD69CD2AA07E130076D4F4 /* BookMeNowApp.swift */ = {isa = PBXFileReference; lastKnownFileType = sourcecode.swift; path = BookMeNowApp.swift; sourceTree = "<group>"; };
		2EAD69CF2AA07E130076D4F4 /* ContentView.swift */ = {isa = PBXFileReference; lastKnownFileType = sourcecode.swift; path = ContentView.swift; sourceTree = "<group>"; };
		2EAD69D12AA07E140076D4F4 /* Assets.xcassets */ = {isa = PBXFileReference; lastKnownFileType = folder.assetcatalog; path = Assets.xcassets; sourceTree = "<group>"; };
		2EAD69D42AA07E140076D4F4 /* Preview Assets.xcassets */ = {isa = PBXFileReference; lastKnownFileType = folder.assetcatalog; path = "Preview Assets.xcassets"; sourceTree = "<group>"; };
		2EAD69DC2AA07E330076D4F4 /* MainViewModel.swift */ = {isa = PBXFileReference; lastKnownFileType = sourcecode.swift; path = MainViewModel.swift; sourceTree = "<group>"; };
		2EAD69DF2AA07E410076D4F4 /* MainView.swift */ = {isa = PBXFileReference; lastKnownFileType = sourcecode.swift; path = MainView.swift; sourceTree = "<group>"; };
		2EAD69E12AA092DB0076D4F4 /* PeculiaritiesHStaclExt.swift */ = {isa = PBXFileReference; lastKnownFileType = sourcecode.swift; path = PeculiaritiesHStaclExt.swift; sourceTree = "<group>"; };
		2EAD69E62AA0BDE50076D4F4 /* ButtonExt.swift */ = {isa = PBXFileReference; lastKnownFileType = sourcecode.swift; path = ButtonExt.swift; sourceTree = "<group>"; };
		2EAD69EA2AA0C8090076D4F4 /* RoomView.swift */ = {isa = PBXFileReference; lastKnownFileType = sourcecode.swift; path = RoomView.swift; sourceTree = "<group>"; };
		2EAD69EC2AA0CB2B0076D4F4 /* RoomCell.swift */ = {isa = PBXFileReference; lastKnownFileType = sourcecode.swift; path = RoomCell.swift; sourceTree = "<group>"; };
		2EAD69EE2AA0DF9E0076D4F4 /* BookingView.swift */ = {isa = PBXFileReference; lastKnownFileType = sourcecode.swift; path = BookingView.swift; sourceTree = "<group>"; };
		2EAD69F02AA0E7870076D4F4 /* TouristStackExt.swift */ = {isa = PBXFileReference; lastKnownFileType = sourcecode.swift; path = TouristStackExt.swift; sourceTree = "<group>"; };
		2EAD69F22AA0E9120076D4F4 /* TextFieldExt.swift */ = {isa = PBXFileReference; lastKnownFileType = sourcecode.swift; path = TextFieldExt.swift; sourceTree = "<group>"; };
		2EAD69F42AA0EC670076D4F4 /* TouristModel.swift */ = {isa = PBXFileReference; lastKnownFileType = sourcecode.swift; path = TouristModel.swift; sourceTree = "<group>"; };
/* End PBXFileReference section */

/* Begin PBXFrameworksBuildPhase section */
		2EAD69C72AA07E130076D4F4 /* Frameworks */ = {
			isa = PBXFrameworksBuildPhase;
			buildActionMask = 2147483647;
			files = (
			);
			runOnlyForDeploymentPostprocessing = 0;
		};
/* End PBXFrameworksBuildPhase section */

/* Begin PBXGroup section */
		2E6060142AA1CE9300F404EC /* Model */ = {
			isa = PBXGroup;
			children = (
				2EAD69F42AA0EC670076D4F4 /* TouristModel.swift */,
				2E60601C2AA1D08300F404EC /* HotelModel.swift */,
				2E6060202AA1EDCF00F404EC /* RoomsModel.swift */,
				2E6060262AA1FA4100F404EC /* BookingModel.swift */,
			);
			path = Model;
			sourceTree = "<group>";
		};
		2E6060152AA1CEA900F404EC /* Services */ = {
			isa = PBXGroup;
			children = (
				2E6060162AA1CEB700F404EC /* NetworkService.swift */,
				2E6060182AA1CED400F404EC /* URLManager.swift */,
			);
			path = Services;
			sourceTree = "<group>";
		};
		2E6060302AA21FFF00F404EC /* Enums */ = {
			isa = PBXGroup;
			children = (
				2E60601A2AA1D05200F404EC /* ErrorEnum.swift */,
				2E6060312AA2200E00F404EC /* RegexEnum.swift */,
			);
			path = Enums;
			sourceTree = "<group>";
		};
		2E7152242AA4759A00ED1DB5 /* StackExt */ = {
			isa = PBXGroup;
			children = (
				2E6060242AA1F8D400F404EC /* PeculiaritiesStackExt.swift */,
				2E7152282AA49E2E00ED1DB5 /* HoratingStackExt.swift */,
				2E7152262AA49CA500ED1DB5 /* DataStackExt.swift */,
				2E0C6B7D2AA3B85D0010BDCD /* TopBarStack.swift */,
				2EAD69F02AA0E7870076D4F4 /* TouristStackExt.swift */,
				2EAD69E12AA092DB0076D4F4 /* PeculiaritiesHStaclExt.swift */,
			);
			path = StackExt;
			sourceTree = "<group>";
		};
		2E7152252AA48E2F00ED1DB5 /* Modifires */ = {
			isa = PBXGroup;
			children = (
				2E60602E2AA21D1800F404EC /* StringMaskExt.swift */,
				2E6060372AA2488E00F404EC /* ColorExt.swift */,
				2E0C6B7B2AA3B29E0010BDCD /* ImageExt.swift */,
				2E71522A2AA4A1A000ED1DB5 /* TextExt.swift */,
			);
			path = Modifires;
			sourceTree = "<group>";
		};
		2EAD69C12AA07E130076D4F4 = {
			isa = PBXGroup;
			children = (
				2EAD69CC2AA07E130076D4F4 /* BookMeNow */,
				2EAD69CB2AA07E130076D4F4 /* Products */,
			);
			sourceTree = "<group>";
		};
		2EAD69CB2AA07E130076D4F4 /* Products */ = {
			isa = PBXGroup;
			children = (
				2EAD69CA2AA07E130076D4F4 /* BookMeNow.app */,
			);
			name = Products;
			sourceTree = "<group>";
		};
		2EAD69CC2AA07E130076D4F4 /* BookMeNow */ = {
			isa = PBXGroup;
			children = (
				2EAD69CD2AA07E130076D4F4 /* BookMeNowApp.swift */,
				2E6060142AA1CE9300F404EC /* Model */,
				2EAD69DB2AA07E250076D4F4 /* View */,
				2EAD69DE2AA07E360076D4F4 /* ViewModel */,
				2E6060152AA1CEA900F404EC /* Services */,
				2E6060302AA21FFF00F404EC /* Enums */,
				2EAD69D32AA07E140076D4F4 /* Preview Content */,
			);
			path = BookMeNow;
			sourceTree = "<group>";
		};
		2EAD69D32AA07E140076D4F4 /* Preview Content */ = {
			isa = PBXGroup;
			children = (
				2EAD69D12AA07E140076D4F4 /* Assets.xcassets */,
				2EAD69D42AA07E140076D4F4 /* Preview Assets.xcassets */,
			);
			path = "Preview Content";
			sourceTree = "<group>";
		};
		2EAD69DB2AA07E250076D4F4 /* View */ = {
			isa = PBXGroup;
			children = (
				2EAD69CF2AA07E130076D4F4 /* ContentView.swift */,
				2EAD69DF2AA07E410076D4F4 /* MainView.swift */,
				2EAD69EA2AA0C8090076D4F4 /* RoomView.swift */,
				2EAD69EE2AA0DF9E0076D4F4 /* BookingView.swift */,
				2E60602C2AA2141200F404EC /* PaidView.swift */,
				2EAD69E32AA095BC0076D4F4 /* Components */,
			);
			path = View;
			sourceTree = "<group>";
		};
		2EAD69DE2AA07E360076D4F4 /* ViewModel */ = {
			isa = PBXGroup;
			children = (
				2EAD69DC2AA07E330076D4F4 /* MainViewModel.swift */,
				2E6060222AA1F15300F404EC /* RoomsViewModel.swift */,
				2E6060282AA1FBC500F404EC /* BookingViewModel.swift */,
			);
			path = ViewModel;
			sourceTree = "<group>";
		};
		2EAD69E32AA095BC0076D4F4 /* Components */ = {
			isa = PBXGroup;
			children = (
				2E60601E2AA1E12800F404EC /* ImageGallery.swift */,
				2EAD69EC2AA0CB2B0076D4F4 /* RoomCell.swift */,
				2EAD69F22AA0E9120076D4F4 /* TextFieldExt.swift */,
				2EAD69E62AA0BDE50076D4F4 /* ButtonExt.swift */,
				2E71522C2AA4A25A00ED1DB5 /* BlueButtonExt.swift */,
				2E1F35382AAA1FB90009FC8E /* KeyboardExt.swift */,
				2E7152252AA48E2F00ED1DB5 /* Modifires */,
				2E7152242AA4759A00ED1DB5 /* StackExt */,
			);
			path = Components;
			sourceTree = "<group>";
		};
/* End PBXGroup section */

/* Begin PBXNativeTarget section */
		2EAD69C92AA07E130076D4F4 /* BookMeNow */ = {
			isa = PBXNativeTarget;
			buildConfigurationList = 2EAD69D82AA07E140076D4F4 /* Build configuration list for PBXNativeTarget "BookMeNow" */;
			buildPhases = (
				2EAD69C62AA07E130076D4F4 /* Sources */,
				2EAD69C72AA07E130076D4F4 /* Frameworks */,
				2EAD69C82AA07E130076D4F4 /* Resources */,
			);
			buildRules = (
			);
			dependencies = (
			);
			name = BookMeNow;
			productName = BookMeNow;
			productReference = 2EAD69CA2AA07E130076D4F4 /* BookMeNow.app */;
			productType = "com.apple.product-type.application";
		};
/* End PBXNativeTarget section */

/* Begin PBXProject section */
		2EAD69C22AA07E130076D4F4 /* Project object */ = {
			isa = PBXProject;
			attributes = {
				BuildIndependentTargetsInParallel = 1;
				LastSwiftUpdateCheck = 1430;
				LastUpgradeCheck = 1430;
				TargetAttributes = {
					2EAD69C92AA07E130076D4F4 = {
						CreatedOnToolsVersion = 14.3.1;
					};
				};
			};
			buildConfigurationList = 2EAD69C52AA07E130076D4F4 /* Build configuration list for PBXProject "BookMeNow" */;
			compatibilityVersion = "Xcode 14.0";
			developmentRegion = en;
			hasScannedForEncodings = 0;
			knownRegions = (
				en,
				Base,
			);
			mainGroup = 2EAD69C12AA07E130076D4F4;
			productRefGroup = 2EAD69CB2AA07E130076D4F4 /* Products */;
			projectDirPath = "";
			projectRoot = "";
			targets = (
				2EAD69C92AA07E130076D4F4 /* BookMeNow */,
			);
		};
/* End PBXProject section */

/* Begin PBXResourcesBuildPhase section */
		2EAD69C82AA07E130076D4F4 /* Resources */ = {
			isa = PBXResourcesBuildPhase;
			buildActionMask = 2147483647;
			files = (
				2EAD69D52AA07E140076D4F4 /* Preview Assets.xcassets in Resources */,
				2EAD69D22AA07E140076D4F4 /* Assets.xcassets in Resources */,
			);
			runOnlyForDeploymentPostprocessing = 0;
		};
/* End PBXResourcesBuildPhase section */

/* Begin PBXSourcesBuildPhase section */
		2EAD69C62AA07E130076D4F4 /* Sources */ = {
			isa = PBXSourcesBuildPhase;
			buildActionMask = 2147483647;
			files = (
				2E0C6B7C2AA3B29E0010BDCD /* ImageExt.swift in Sources */,
				2E6060232AA1F15300F404EC /* RoomsViewModel.swift in Sources */,
				2EAD69F52AA0EC670076D4F4 /* TouristModel.swift in Sources */,
				2E71522D2AA4A25A00ED1DB5 /* BlueButtonExt.swift in Sources */,
				2EAD69D02AA07E130076D4F4 /* ContentView.swift in Sources */,
				2EAD69EB2AA0C8090076D4F4 /* RoomView.swift in Sources */,
				2EAD69F32AA0E9120076D4F4 /* TextFieldExt.swift in Sources */,
				2E7152292AA49E2E00ED1DB5 /* HoratingStackExt.swift in Sources */,
				2E0C6B7E2AA3B85D0010BDCD /* TopBarStack.swift in Sources */,
				2E6060322AA2200E00F404EC /* RegexEnum.swift in Sources */,
				2EAD69E02AA07E410076D4F4 /* MainView.swift in Sources */,
				2E1F35392AAA1FB90009FC8E /* KeyboardExt.swift in Sources */,
				2E60601B2AA1D05200F404EC /* ErrorEnum.swift in Sources */,
				2E71522B2AA4A1A000ED1DB5 /* TextExt.swift in Sources */,
				2EAD69EF2AA0DF9E0076D4F4 /* BookingView.swift in Sources */,
				2EAD69CE2AA07E130076D4F4 /* BookMeNowApp.swift in Sources */,
				2E7152272AA49CA500ED1DB5 /* DataStackExt.swift in Sources */,
				2E6060252AA1F8D400F404EC /* PeculiaritiesStackExt.swift in Sources */,
				2E60602F2AA21D1800F404EC /* StringMaskExt.swift in Sources */,
				2E6060292AA1FBC500F404EC /* BookingViewModel.swift in Sources */,
				2E60601D2AA1D08300F404EC /* HotelModel.swift in Sources */,
				2E6060272AA1FA4100F404EC /* BookingModel.swift in Sources */,
				2EAD69E22AA092DB0076D4F4 /* PeculiaritiesHStaclExt.swift in Sources */,
				2EAD69DD2AA07E330076D4F4 /* MainViewModel.swift in Sources */,
				2EAD69ED2AA0CB2B0076D4F4 /* RoomCell.swift in Sources */,
				2E6060212AA1EDCF00F404EC /* RoomsModel.swift in Sources */,
				2E60602D2AA2141200F404EC /* PaidView.swift in Sources */,
				2EAD69E72AA0BDE50076D4F4 /* ButtonExt.swift in Sources */,
				2E6060172AA1CEB700F404EC /* NetworkService.swift in Sources */,
				2EAD69F12AA0E7870076D4F4 /* TouristStackExt.swift in Sources */,
				2E60601F2AA1E12800F404EC /* ImageGallery.swift in Sources */,
				2E6060192AA1CED400F404EC /* URLManager.swift in Sources */,
				2E6060382AA2488E00F404EC /* ColorExt.swift in Sources */,
			);
			runOnlyForDeploymentPostprocessing = 0;
		};
/* End PBXSourcesBuildPhase section */

/* Begin XCBuildConfiguration section */
		2EAD69D62AA07E140076D4F4 /* Debug */ = {
			isa = XCBuildConfiguration;
			buildSettings = {
				ALWAYS_SEARCH_USER_PATHS = NO;
				CLANG_ANALYZER_NONNULL = YES;
				CLANG_ANALYZER_NUMBER_OBJECT_CONVERSION = YES_AGGRESSIVE;
				CLANG_CXX_LANGUAGE_STANDARD = "gnu++20";
				CLANG_ENABLE_MODULES = YES;
				CLANG_ENABLE_OBJC_ARC = YES;
				CLANG_ENABLE_OBJC_WEAK = YES;
				CLANG_WARN_BLOCK_CAPTURE_AUTORELEASING = YES;
				CLANG_WARN_BOOL_CONVERSION = YES;
				CLANG_WARN_COMMA = YES;
				CLANG_WARN_CONSTANT_CONVERSION = YES;
				CLANG_WARN_DEPRECATED_OBJC_IMPLEMENTATIONS = YES;
				CLANG_WARN_DIRECT_OBJC_ISA_USAGE = YES_ERROR;
				CLANG_WARN_DOCUMENTATION_COMMENTS = YES;
				CLANG_WARN_EMPTY_BODY = YES;
				CLANG_WARN_ENUM_CONVERSION = YES;
				CLANG_WARN_INFINITE_RECURSION = YES;
				CLANG_WARN_INT_CONVERSION = YES;
				CLANG_WARN_NON_LITERAL_NULL_CONVERSION = YES;
				CLANG_WARN_OBJC_IMPLICIT_RETAIN_SELF = YES;
				CLANG_WARN_OBJC_LITERAL_CONVERSION = YES;
				CLANG_WARN_OBJC_ROOT_CLASS = YES_ERROR;
				CLANG_WARN_QUOTED_INCLUDE_IN_FRAMEWORK_HEADER = YES;
				CLANG_WARN_RANGE_LOOP_ANALYSIS = YES;
				CLANG_WARN_STRICT_PROTOTYPES = YES;
				CLANG_WARN_SUSPICIOUS_MOVE = YES;
				CLANG_WARN_UNGUARDED_AVAILABILITY = YES_AGGRESSIVE;
				CLANG_WARN_UNREACHABLE_CODE = YES;
				CLANG_WARN__DUPLICATE_METHOD_MATCH = YES;
				COPY_PHASE_STRIP = NO;
				DEBUG_INFORMATION_FORMAT = dwarf;
				ENABLE_STRICT_OBJC_MSGSEND = YES;
				ENABLE_TESTABILITY = YES;
				GCC_C_LANGUAGE_STANDARD = gnu11;
				GCC_DYNAMIC_NO_PIC = NO;
				GCC_NO_COMMON_BLOCKS = YES;
				GCC_OPTIMIZATION_LEVEL = 0;
				GCC_PREPROCESSOR_DEFINITIONS = (
					"DEBUG=1",
					"$(inherited)",
				);
				GCC_WARN_64_TO_32_BIT_CONVERSION = YES;
				GCC_WARN_ABOUT_RETURN_TYPE = YES_ERROR;
				GCC_WARN_UNDECLARED_SELECTOR = YES;
				GCC_WARN_UNINITIALIZED_AUTOS = YES_AGGRESSIVE;
				GCC_WARN_UNUSED_FUNCTION = YES;
				GCC_WARN_UNUSED_VARIABLE = YES;
				IPHONEOS_DEPLOYMENT_TARGET = 16.4;
				MTL_ENABLE_DEBUG_INFO = INCLUDE_SOURCE;
				MTL_FAST_MATH = YES;
				ONLY_ACTIVE_ARCH = YES;
				SDKROOT = iphoneos;
				SWIFT_ACTIVE_COMPILATION_CONDITIONS = DEBUG;
				SWIFT_OPTIMIZATION_LEVEL = "-Onone";
			};
			name = Debug;
		};
		2EAD69D72AA07E140076D4F4 /* Release */ = {
			isa = XCBuildConfiguration;
			buildSettings = {
				ALWAYS_SEARCH_USER_PATHS = NO;
				CLANG_ANALYZER_NONNULL = YES;
				CLANG_ANALYZER_NUMBER_OBJECT_CONVERSION = YES_AGGRESSIVE;
				CLANG_CXX_LANGUAGE_STANDARD = "gnu++20";
				CLANG_ENABLE_MODULES = YES;
				CLANG_ENABLE_OBJC_ARC = YES;
				CLANG_ENABLE_OBJC_WEAK = YES;
				CLANG_WARN_BLOCK_CAPTURE_AUTORELEASING = YES;
				CLANG_WARN_BOOL_CONVERSION = YES;
				CLANG_WARN_COMMA = YES;
				CLANG_WARN_CONSTANT_CONVERSION = YES;
				CLANG_WARN_DEPRECATED_OBJC_IMPLEMENTATIONS = YES;
				CLANG_WARN_DIRECT_OBJC_ISA_USAGE = YES_ERROR;
				CLANG_WARN_DOCUMENTATION_COMMENTS = YES;
				CLANG_WARN_EMPTY_BODY = YES;
				CLANG_WARN_ENUM_CONVERSION = YES;
				CLANG_WARN_INFINITE_RECURSION = YES;
				CLANG_WARN_INT_CONVERSION = YES;
				CLANG_WARN_NON_LITERAL_NULL_CONVERSION = YES;
				CLANG_WARN_OBJC_IMPLICIT_RETAIN_SELF = YES;
				CLANG_WARN_OBJC_LITERAL_CONVERSION = YES;
				CLANG_WARN_OBJC_ROOT_CLASS = YES_ERROR;
				CLANG_WARN_QUOTED_INCLUDE_IN_FRAMEWORK_HEADER = YES;
				CLANG_WARN_RANGE_LOOP_ANALYSIS = YES;
				CLANG_WARN_STRICT_PROTOTYPES = YES;
				CLANG_WARN_SUSPICIOUS_MOVE = YES;
				CLANG_WARN_UNGUARDED_AVAILABILITY = YES_AGGRESSIVE;
				CLANG_WARN_UNREACHABLE_CODE = YES;
				CLANG_WARN__DUPLICATE_METHOD_MATCH = YES;
				COPY_PHASE_STRIP = NO;
				DEBUG_INFORMATION_FORMAT = "dwarf-with-dsym";
				ENABLE_NS_ASSERTIONS = NO;
				ENABLE_STRICT_OBJC_MSGSEND = YES;
				GCC_C_LANGUAGE_STANDARD = gnu11;
				GCC_NO_COMMON_BLOCKS = YES;
				GCC_WARN_64_TO_32_BIT_CONVERSION = YES;
				GCC_WARN_ABOUT_RETURN_TYPE = YES_ERROR;
				GCC_WARN_UNDECLARED_SELECTOR = YES;
				GCC_WARN_UNINITIALIZED_AUTOS = YES_AGGRESSIVE;
				GCC_WARN_UNUSED_FUNCTION = YES;
				GCC_WARN_UNUSED_VARIABLE = YES;
				IPHONEOS_DEPLOYMENT_TARGET = 16.4;
				MTL_ENABLE_DEBUG_INFO = NO;
				MTL_FAST_MATH = YES;
				SDKROOT = iphoneos;
				SWIFT_COMPILATION_MODE = wholemodule;
				SWIFT_OPTIMIZATION_LEVEL = "-O";
				VALIDATE_PRODUCT = YES;
			};
			name = Release;
		};
		2EAD69D92AA07E140076D4F4 /* Debug */ = {
			isa = XCBuildConfiguration;
			buildSettings = {
				ASSETCATALOG_COMPILER_APPICON_NAME = AppIcon;
				ASSETCATALOG_COMPILER_GLOBAL_ACCENT_COLOR_NAME = AccentColor;
				CODE_SIGN_STYLE = Automatic;
				CURRENT_PROJECT_VERSION = 1;
				DEVELOPMENT_ASSET_PATHS = "\"BookMeNow/Preview Content\"";
				DEVELOPMENT_TEAM = P6R38RDHSX;
				ENABLE_PREVIEWS = YES;
				GENERATE_INFOPLIST_FILE = YES;
				INFOPLIST_KEY_UIApplicationSceneManifest_Generation = YES;
				INFOPLIST_KEY_UIApplicationSupportsIndirectInputEvents = YES;
				INFOPLIST_KEY_UILaunchScreen_Generation = YES;
				INFOPLIST_KEY_UISupportedInterfaceOrientations_iPad = "UIInterfaceOrientationPortrait UIInterfaceOrientationPortraitUpsideDown UIInterfaceOrientationLandscapeLeft UIInterfaceOrientationLandscapeRight";
				INFOPLIST_KEY_UISupportedInterfaceOrientations_iPhone = "UIInterfaceOrientationPortrait UIInterfaceOrientationLandscapeLeft UIInterfaceOrientationLandscapeRight";
				LD_RUNPATH_SEARCH_PATHS = (
					"$(inherited)",
					"@executable_path/Frameworks",
				);
				MARKETING_VERSION = 1.0;
				PRODUCT_BUNDLE_IDENTIFIER = "-.BookMeNow";
				PRODUCT_NAME = "$(TARGET_NAME)";
				SWIFT_EMIT_LOC_STRINGS = YES;
				SWIFT_VERSION = 5.0;
				TARGETED_DEVICE_FAMILY = "1,2";
			};
			name = Debug;
		};
		2EAD69DA2AA07E140076D4F4 /* Release */ = {
			isa = XCBuildConfiguration;
			buildSettings = {
				ASSETCATALOG_COMPILER_APPICON_NAME = AppIcon;
				ASSETCATALOG_COMPILER_GLOBAL_ACCENT_COLOR_NAME = AccentColor;
				CODE_SIGN_STYLE = Automatic;
				CURRENT_PROJECT_VERSION = 1;
				DEVELOPMENT_ASSET_PATHS = "\"BookMeNow/Preview Content\"";
				DEVELOPMENT_TEAM = P6R38RDHSX;
				ENABLE_PREVIEWS = YES;
				GENERATE_INFOPLIST_FILE = YES;
				INFOPLIST_KEY_UIApplicationSceneManifest_Generation = YES;
				INFOPLIST_KEY_UIApplicationSupportsIndirectInputEvents = YES;
				INFOPLIST_KEY_UILaunchScreen_Generation = YES;
				INFOPLIST_KEY_UISupportedInterfaceOrientations_iPad = "UIInterfaceOrientationPortrait UIInterfaceOrientationPortraitUpsideDown UIInterfaceOrientationLandscapeLeft UIInterfaceOrientationLandscapeRight";
				INFOPLIST_KEY_UISupportedInterfaceOrientations_iPhone = "UIInterfaceOrientationPortrait UIInterfaceOrientationLandscapeLeft UIInterfaceOrientationLandscapeRight";
				LD_RUNPATH_SEARCH_PATHS = (
					"$(inherited)",
					"@executable_path/Frameworks",
				);
				MARKETING_VERSION = 1.0;
				PRODUCT_BUNDLE_IDENTIFIER = "-.BookMeNow";
				PRODUCT_NAME = "$(TARGET_NAME)";
				SWIFT_EMIT_LOC_STRINGS = YES;
				SWIFT_VERSION = 5.0;
				TARGETED_DEVICE_FAMILY = "1,2";
			};
			name = Release;
		};
/* End XCBuildConfiguration section */

/* Begin XCConfigurationList section */
		2EAD69C52AA07E130076D4F4 /* Build configuration list for PBXProject "BookMeNow" */ = {
			isa = XCConfigurationList;
			buildConfigurations = (
				2EAD69D62AA07E140076D4F4 /* Debug */,
				2EAD69D72AA07E140076D4F4 /* Release */,
			);
			defaultConfigurationIsVisible = 0;
			defaultConfigurationName = Release;
		};
		2EAD69D82AA07E140076D4F4 /* Build configuration list for PBXNativeTarget "BookMeNow" */ = {
			isa = XCConfigurationList;
			buildConfigurations = (
				2EAD69D92AA07E140076D4F4 /* Debug */,
				2EAD69DA2AA07E140076D4F4 /* Release */,
			);
			defaultConfigurationIsVisible = 0;
			defaultConfigurationName = Release;
		};
/* End XCConfigurationList section */
	};
	rootObject = 2EAD69C22AA07E130076D4F4 /* Project object */;
}
